
Microsoft Visual Studio Solution File, Format Version 12.00
# Visual Studio Version 17
VisualStudioVersion = 17.5.002.0
MinimumVisualStudioVersion = 10.0.40219.1
Project("{9A19103F-16F7-4668-BE54-9A1E7A4F7556}") = "PlatformService", "PlatformService.csproj", "{F835F688-C489-4590-95BE-A2B539D446E6}"
EndProject
Global
	GlobalSection(SolutionConfigurationPlatforms) = preSolution
		Debug|Any CPU = Debug|Any CPU
		Release|Any CPU = Release|Any CPU
	EndGlobalSection
	GlobalSection(ProjectConfigurationPlatforms) = postSolution
		{F835F688-C489-4590-95BE-A2B539D446E6}.Debug|Any CPU.ActiveCfg = Debug|Any CPU
		{F835F688-C489-4590-95BE-A2B539D446E6}.Debug|Any CPU.Build.0 = Debug|Any CPU
		{F835F688-C489-4590-95BE-A2B539D446E6}.Release|Any CPU.ActiveCfg = Release|Any CPU
		{F835F688-C489-4590-95BE-A2B539D446E6}.Release|Any CPU.Build.0 = Release|Any CPU
	EndGlobalSection
	GlobalSection(SolutionProperties) = preSolution
		HideSolutionNode = FALSE
	EndGlobalSection
	GlobalSection(ExtensibilityGlobals) = postSolution
		SolutionGuid = {A6A8C478-438A-443F-A9F3-384CB788667A}
	EndGlobalSection
EndGlobal
